
Microsoft Visual Studio Solution File, Format Version 12.00
Project("{FAE04EC0-301F-11D3-BF4B-00C04F79EFBC}") = "Web", "Web\Web.csproj", "{619BA0C6-D200-4FD0-A63A-D64DDA7557B9}"
EndProject
Project("{FAE04EC0-301F-11D3-BF4B-00C04F79EFBC}") = "FlareTables", "FlareTables\FlareTables.csproj", "{4057C100-1285-4017-9221-288F60C951AB}"
EndProject
Project("{FAE04EC0-301F-11D3-BF4B-00C04F79EFBC}") = "FlareSelect", "FlareSelect\FlareSelect.csproj", "{0454888E-8B3C-414F-99E4-B863783241E9}"
EndProject
Project("{FAE04EC0-301F-11D3-BF4B-00C04F79EFBC}") = "Program", "Program\Program.csproj", "{C38D6B03-3124-4FE6-BD3C-5F10980EE6BB}"
EndProject
Global
	GlobalSection(SolutionConfigurationPlatforms) = preSolution
		Debug|Any CPU = Debug|Any CPU
		Release|Any CPU = Release|Any CPU
	EndGlobalSection
	GlobalSection(ProjectConfigurationPlatforms) = postSolution
		{619BA0C6-D200-4FD0-A63A-D64DDA7557B9}.Debug|Any CPU.ActiveCfg = Debug|Any CPU
		{619BA0C6-D200-4FD0-A63A-D64DDA7557B9}.Debug|Any CPU.Build.0 = Debug|Any CPU
		{619BA0C6-D200-4FD0-A63A-D64DDA7557B9}.Release|Any CPU.ActiveCfg = Release|Any CPU
		{619BA0C6-D200-4FD0-A63A-D64DDA7557B9}.Release|Any CPU.Build.0 = Release|Any CPU
		{4057C100-1285-4017-9221-288F60C951AB}.Debug|Any CPU.ActiveCfg = Debug|Any CPU
		{4057C100-1285-4017-9221-288F60C951AB}.Debug|Any CPU.Build.0 = Debug|Any CPU
		{4057C100-1285-4017-9221-288F60C951AB}.Release|Any CPU.ActiveCfg = Release|Any CPU
		{4057C100-1285-4017-9221-288F60C951AB}.Release|Any CPU.Build.0 = Release|Any CPU
		{0454888E-8B3C-414F-99E4-B863783241E9}.Debug|Any CPU.ActiveCfg = Debug|Any CPU
		{0454888E-8B3C-414F-99E4-B863783241E9}.Debug|Any CPU.Build.0 = Debug|Any CPU
		{0454888E-8B3C-414F-99E4-B863783241E9}.Release|Any CPU.ActiveCfg = Release|Any CPU
		{0454888E-8B3C-414F-99E4-B863783241E9}.Release|Any CPU.Build.0 = Release|Any CPU
		{C38D6B03-3124-4FE6-BD3C-5F10980EE6BB}.Debug|Any CPU.ActiveCfg = Debug|Any CPU
		{C38D6B03-3124-4FE6-BD3C-5F10980EE6BB}.Debug|Any CPU.Build.0 = Debug|Any CPU
		{C38D6B03-3124-4FE6-BD3C-5F10980EE6BB}.Release|Any CPU.ActiveCfg = Release|Any CPU
		{C38D6B03-3124-4FE6-BD3C-5F10980EE6BB}.Release|Any CPU.Build.0 = Release|Any CPU
	EndGlobalSection
EndGlobal
